memo = "becdf010a814559719c990c1bd645c737cee332ad52004c440605c13de100d45"

[[projects]]
  name = "github.com/AlekSi/pointer"
  packages = ["."]
  revision = "08a25bac605b3fcb6cc27f3917b2c2c87451963d"
  version = "v1.0.0"

[[projects]]
  branch = "master"
  name = "github.com/DisposaBoy/JsonConfigReader"
  packages = ["."]
  revision = "33a99fdf1d5ee1f79b5077e9c06f955ad356d5f4"

[[projects]]
  name = "github.com/awalterschulze/gographviz"
  packages = [".","ast","parser","scanner","token"]
  revision = "761fd5fbb34e4c2c138c280395b65b48e4ff5a53"
  version = "v1.0"

[[projects]]
  name = "github.com/aws/aws-sdk-go"
  packages = ["aws","aws/awserr","aws/awsutil","aws/client","aws/client/metadata","aws/corehandlers","aws/credentials","aws/credentials/ec2rolecreds","aws/credentials/endpointcreds","aws/credentials/stscreds","aws/defaults","aws/ec2metadata","aws/endpoints","aws/request","aws/session","aws/signer/v4","private/protocol","private/protocol/query","private/protocol/query/queryutil","private/protocol/rest","private/protocol/restxml","private/protocol/xml/xmlutil","service/s3","service/sts"]
  revision = "2db5849d2939d93075d911138309a83235032bea"
  version = "v1.8.0"

[[projects]]
  name = "github.com/cheggaaa/pb"
  packages = ["."]
  revision = "cdf719fac0dd208251aa828e687c2d5802053b51"
  version = "v1.0.10"

[[projects]]
  name = "github.com/gin-gonic/gin"
  packages = [".","binding","render"]
  revision = "b1758d3bfa09e61ddbc1c9a627e936eec6a170de"

[[projects]]
  name = "github.com/go-ini/ini"
  packages = ["."]
  revision = "1730955e3146956d6a087861380f9b4667ed5071"
  version = "v1.26.0"

[[projects]]
  branch = "master"
  name = "github.com/golang/snappy"
  packages = ["."]
  revision = "553a641470496b2327abcac10b36396bd98e45c9"

[[projects]]
  branch = "master"
  name = "github.com/h2non/filetype"
  packages = ["matchers"]
  revision = "0df83c38d14ff5f653d419d480eaac286ccbc823"

[[projects]]
  branch = "master"
  name = "github.com/jlaffaye/ftp"
  packages = ["."]
  revision = "7b85eb4638a2c0473acefcfb929a98f879c15c86"

[[projects]]
  name = "github.com/jmespath/go-jmespath"
  packages = ["."]
  revision = "3433f3ea46d9f8019119e7dd41274e112a2359a9"
  version = "0.2.2"

[[projects]]
  name = "github.com/julienschmidt/httprouter"
  packages = ["."]
  revision = "8c199fb6259ffc1af525cc3ad52ee60ba8359669"
  version = "v1.1"

[[projects]]
  name = "github.com/mattn/go-runewidth"
  packages = ["."]
  revision = "9e777a8366cce605130a531d2cd6363d07ad7317"
  version = "v0.0.2"

[[projects]]
  name = "github.com/mattn/go-shellwords"
  packages = ["."]
  revision = "005a0944d84452842197c2108bd9168ced206f78"
  version = "v1.0.2"

[[projects]]
  branch = "master"
  name = "github.com/mkrautz/goar"
  packages = ["."]
  revision = "282caa8bd9daba480b51f1d5a988714913b97aad"

[[projects]]
  branch = "master"
  name = "github.com/mxk/go-flowrate"
  packages = ["flowrate"]
  revision = "cca7078d478f8520f85629ad7c68962d31ed7682"

[[projects]]
  branch = "master"
  name = "github.com/ncw/swift"
  packages = [".","swifttest"]
  revision = "8e9b10220613abdbc2896808ee6b43e411a4fa6c"

[[projects]]
  name = "github.com/pkg/errors"
  packages = ["."]
  revision = "645ef00459ed84a119197bfb8d8205042c6df63d"
  version = "v0.8.0"

[[projects]]
  branch = "master"
  name = "github.com/smira/commander"
  packages = ["."]
  revision = "f408b00e68d5d6e21b9f18bd310978dafc604e47"

[[projects]]
  branch = "master"
  name = "github.com/smira/flag"
  packages = ["."]
  revision = "357ed3e599ffcbd4aeaa828e1d10da2df3ea5107"

[[projects]]
  branch = "master"
  name = "github.com/smira/go-aws-auth"
  packages = ["."]
  revision = "0070896e9d7f4f9f2d558532b2d896ce2239992a"

[[projects]]
  branch = "master"
  name = "github.com/smira/go-ftp-protocol"
  packages = ["protocol"]
  revision = "066b75c2b70dca7ae10b1b88b47534a3c31ccfaa"

[[projects]]
  branch = "master"
  name = "github.com/smira/go-uuid"
  packages = ["uuid"]
  revision = "ed3ca8a15a931b141440a7e98e4f716eec255f7d"

[[projects]]
  branch = "master"
  name = "github.com/smira/go-xz"
  packages = ["."]
  revision = "0c531f070014e218b21f3cfca801cc992d52726d"

[[projects]]
  branch = "master"
  name = "github.com/smira/lzma"
  packages = ["."]
  revision = "7f0af6269940baa2c938fabe73e0d7ba41205683"

[[projects]]
  branch = "master"
  name = "github.com/syndtr/goleveldb"
  packages = ["leveldb","leveldb/cache","leveldb/comparer","leveldb/errors","leveldb/filter","leveldb/iterator","leveldb/journal","leveldb/memdb","leveldb/opt","leveldb/storage","leveldb/table","leveldb/util"]
  revision = "3c5717caf1475fd25964109a0fc640bd150fce43"

[[projects]]
  name = "github.com/ugorji/go"
  packages = ["codec"]
  revision = "71c2886f5a673a35f909803f38ece5810165097b"

[[projects]]
  branch = "master"
  name = "github.com/wsxiaoys/terminal"
  packages = ["color"]
  revision = "0940f3fc43a0ed42d04916b1c04578462c650b09"

[[projects]]
  branch = "master"
  name = "golang.org/x/crypto"
  packages = ["cast5","openpgp","openpgp/armor","openpgp/clearsign","openpgp/elgamal","openpgp/errors","openpgp/packet","openpgp/s2k","ssh/terminal"]
  revision = "459e26527287adbc2adcc5d0d49abff9a5f315a7"

[[projects]]
  branch = "master"
  name = "golang.org/x/sys"
  packages = ["unix"]
  revision = "99f16d856c9836c42d24e7ab64ea72916925fa97"

[[projects]]
  branch = "v1"
  name = "gopkg.in/check.v1"
  packages = ["."]
  revision = "20d25e2804050c1cd24a7eea1e7a6447dd0e74ec"

[[projects]]
  name = "gopkg.in/h2non/filetype.v1"
  packages = ["types"]
  revision = "3093b8ebec6efb56ac813238b8beab4ed4eaac6a"
  version = "v1.0.1"
